
Microsoft Visual Studio Solution File, Format Version 12.00
# Visual Studio Version 17
VisualStudioVersion = 17.5.002.0
MinimumVisualStudioVersion = 10.0.40219.1
Project("{9A19103F-16F7-4668-BE54-9A1E7A4F7556}") = "FirstApp", "FirstApp\FirstApp.csproj", "{EB19A91B-CCFF-4CBC-B0FD-68B339CCE327}"
EndProject
Global
	GlobalSection(SolutionConfigurationPlatforms) = preSolution
		Debug|Any CPU = Debug|Any CPU
		Release|Any CPU = Release|Any CPU
	EndGlobalSection
	GlobalSection(ProjectConfigurationPlatforms) = postSolution
		{EB19A91B-CCFF-4CBC-B0FD-68B339CCE327}.Debug|Any CPU.ActiveCfg = Debug|Any CPU
		{EB19A91B-CCFF-4CBC-B0FD-68B339CCE327}.Debug|Any CPU.Build.0 = Debug|Any CPU
		{EB19A91B-CCFF-4CBC-B0FD-68B339CCE327}.Release|Any CPU.ActiveCfg = Release|Any CPU
		{EB19A91B-CCFF-4CBC-B0FD-68B339CCE327}.Release|Any CPU.Build.0 = Release|Any CPU
	EndGlobalSection
	GlobalSection(SolutionProperties) = preSolution
		HideSolutionNode = FALSE
	EndGlobalSection
	GlobalSection(ExtensibilityGlobals) = postSolution
		SolutionGuid = {9D5DBF61-9A3A-4CCA-B5B9-04B9D972A6A0}
	EndGlobalSection
EndGlobal
